// !$*UTF8*$!
{
	archiveVersion = 1;
	classes = {
	};
	objectVersion = 77;
	objects = {

/* Begin PBXBuildFile section */
		0060CE322F31A4460005703D /* Auth in Frameworks */ = {isa = PBXBuildFile; productRef = 0060CE312F31A4460005703D /* Auth */; };
		0060CE342F31A4460005703D /* Functions in Frameworks */ = {isa = PBXBuildFile; productRef = 0060CE332F31A4460005703D /* Functions */; };
		0060CE362F31A4460005703D /* PostgREST in Frameworks */ = {isa = PBXBuildFile; productRef = 0060CE352F31A4460005703D /* PostgREST */; };
		0060CE382F31A4460005703D /* Realtime in Frameworks */ = {isa = PBXBuildFile; productRef = 0060CE372F31A4460005703D /* Realtime */; };
		0060CE3A2F31A4460005703D /* Storage in Frameworks */ = {isa = PBXBuildFile; productRef = 0060CE392F31A4460005703D /* Storage */; };
		0060CE3C2F31A4460005703D /* Supabase in Frameworks */ = {isa = PBXBuildFile; productRef = 0060CE3B2F31A4460005703D /* Supabase */; };
/* End PBXBuildFile section */

/* Begin PBXFileReference section */
		00BB21922F2E531600589682 /* AI4Science.app */ = {isa = PBXFileReference; explicitFileType = wrapper.application; includeInIndex = 0; path = AI4Science.app; sourceTree = BUILT_PRODUCTS_DIR; };
/* End PBXFileReference section */

/* Begin PBXFileSystemSynchronizedBuildFileExceptionSet section */
		00BB29B32F2E728E00589682 /* Exceptions for "AI4Science" folder in "AI4Science" target */ = {
			isa = PBXFileSystemSynchronizedBuildFileExceptionSet;
			membershipExceptions = (
				Info.plist,
				Infrastructure/Research/Core/ConsentManager.swift,
				Infrastructure/Research/Core/EligibilityChecker.swift,
				Infrastructure/Research/Core/ResearchCoordinator.swift,
				Infrastructure/Research/Core/StudyManager.swift,
				Infrastructure/Research/Steps/AnnotationStep.swift,
				Infrastructure/Research/Steps/CalibrationStep.swift,
				Infrastructure/Research/Steps/CustomInstructionStep.swift,
				Infrastructure/Research/Steps/ImageCaptureStep.swift,
				Infrastructure/Research/Tasks/ActiveTaskBuilder.swift,
				Infrastructure/Research/Tasks/ConsentTaskBuilder.swift,
				Infrastructure/Research/Tasks/OnboardingTaskBuilder.swift,
				Infrastructure/Research/Tasks/SurveyTaskBuilder.swift,
				Infrastructure/Research/Tasks/TaskFactory.swift,
				Infrastructure/ResearchKit/Configuration/ConsentConfiguration.swift,
				Infrastructure/ResearchKit/Configuration/ResearchKitConfiguration.swift,
				Infrastructure/ResearchKit/Configuration/SurveyConfiguration.swift,
				Infrastructure/ResearchKit/Results/ConsentResultHandler.swift,
				Infrastructure/ResearchKit/Results/ResultExporter.swift,
				Infrastructure/ResearchKit/Results/ResultProcessor.swift,
				Infrastructure/ResearchKit/Results/SurveyResultHandler.swift,
				Infrastructure/ResearchKit/Services/ConsentService.swift,
				Infrastructure/ResearchKit/Services/ResearchKitManager.swift,
				Infrastructure/ResearchKit/Services/SurveyService.swift,
				Infrastructure/ResearchKit/Services/TaskService.swift,
				Infrastructure/ResearchKit/Steps/CompletionStepFactory.swift,
				Infrastructure/ResearchKit/Steps/FormStepFactory.swift,
				Infrastructure/ResearchKit/Steps/InstructionStepFactory.swift,
				Infrastructure/ResearchKit/Steps/QuestionStepFactory.swift,
				Infrastructure/ResearchKit/Steps/ReviewStepFactory.swift,
				Infrastructure/ResearchKit/Tasks/ConsentTask.swift,
				Infrastructure/ResearchKit/Tasks/DemographicsSurveyTask.swift,
				Infrastructure/ResearchKit/Tasks/OnboardingSurveyTask.swift,
				Infrastructure/ResearchKit/Tasks/QualityAssessmentTask.swift,
				Infrastructure/ResearchKit/Tasks/SampleCollectionTask.swift,
				Infrastructure/ResearchKit/UI/ConsentViewCoordinator.swift,
				Infrastructure/ResearchKit/UI/ResearchKitViewControllerRepresentable.swift,
				Infrastructure/ResearchKit/UI/SurveyViewCoordinator.swift,
				Infrastructure/ResearchKit/UI/TaskViewCoordinator.swift,
			);
			target = 00BB21912F2E531600589682 /* AI4Science */;
		};
/* End PBXFileSystemSynchronizedBuildFileExceptionSet section */

/* Begin PBXFileSystemSynchronizedRootGroup section */
		00BB21942F2E531600589682 /* AI4Science */ = {
			isa = PBXFileSystemSynchronizedRootGroup;
			exceptions = (
				00BB29B32F2E728E00589682 /* Exceptions for "AI4Science" folder in "AI4Science" target */,
			);
			path = AI4Science;
			sourceTree = "<group>";
		};
/* End PBXFileSystemSynchronizedRootGroup section */

/* Begin PBXFrameworksBuildPhase section */
		00BB218F2F2E531600589682 /* Frameworks */ = {
			isa = PBXFrameworksBuildPhase;
			buildActionMask = 2147483647;
			files = (
				0060CE362F31A4460005703D /* PostgREST in Frameworks */,
				0060CE342F31A4460005703D /* Functions in Frameworks */,
				0060CE322F31A4460005703D /* Auth in Frameworks */,
				0060CE3A2F31A4460005703D /* Storage in Frameworks */,
				0060CE382F31A4460005703D /* Realtime in Frameworks */,
				0060CE3C2F31A4460005703D /* Supabase in Frameworks */,
			);
			runOnlyForDeploymentPostprocessing = 0;
		};
/* End PBXFrameworksBuildPhase section */

/* Begin PBXGroup section */
		00BB21892F2E531600589682 = {
			isa = PBXGroup;
			children = (
				00BB21942F2E531600589682 /* AI4Science */,
				00BB21932F2E531600589682 /* Products */,
			);
			sourceTree = "<group>";
		};
		00BB21932F2E531600589682 /* Products */ = {
			isa = PBXGroup;
			children = (
				00BB21922F2E531600589682 /* AI4Science.app */,
			);
			name = Products;
			sourceTree = "<group>";
		};
/* End PBXGroup section */

/* Begin PBXNativeTarget section */
		00BB21912F2E531600589682 /* AI4Science */ = {
			isa = PBXNativeTarget;
			buildConfigurationList = 00BB219D2F2E531800589682 /* Build configuration list for PBXNativeTarget "AI4Science" */;
			buildPhases = (
				00BB218E2F2E531600589682 /* Sources */,
				00BB218F2F2E531600589682 /* Frameworks */,
				00BB21902F2E531600589682 /* Resources */,
			);
			buildRules = (
			);
			dependencies = (
			);
			fileSystemSynchronizedGroups = (
				00BB21942F2E531600589682 /* AI4Science */,
			);
			name = AI4Science;
			packageProductDependencies = (
				0060CE312F31A4460005703D /* Auth */,
				0060CE332F31A4460005703D /* Functions */,
				0060CE352F31A4460005703D /* PostgREST */,
				0060CE372F31A4460005703D /* Realtime */,
				0060CE392F31A4460005703D /* Storage */,
				0060CE3B2F31A4460005703D /* Supabase */,
			);
			productName = AI4Science;
			productReference = 00BB21922F2E531600589682 /* AI4Science.app */;
			productType = "com.apple.product-type.application";
		};
/* End PBXNativeTarget section */

/* Begin PBXProject section */
		00BB218A2F2E531600589682 /* Project object */ = {
			isa = PBXProject;
			attributes = {
				BuildIndependentTargetsInParallel = 1;
				LastSwiftUpdateCheck = 2620;
				LastUpgradeCheck = 2620;
				TargetAttributes = {
					00BB21912F2E531600589682 = {
						CreatedOnToolsVersion = 26.2;
					};
				};
			};
			buildConfigurationList = 00BB218D2F2E531600589682 /* Build configuration list for PBXProject "AI4Science" */;
			developmentRegion = en;
			hasScannedForEncodings = 0;
			knownRegions = (
				en,
				Base,
			);
			mainGroup = 00BB21892F2E531600589682;
			minimizedProjectReferenceProxies = 1;
			packageReferences = (
				0060CE302F31A4460005703D /* XCRemoteSwiftPackageReference "supabase-swift" */,
			);
			preferredProjectObjectVersion = 77;
			productRefGroup = 00BB21932F2E531600589682 /* Products */;
			projectDirPath = "";
			projectRoot = "";
			targets = (
				00BB21912F2E531600589682 /* AI4Science */,
			);
		};
/* End PBXProject section */

/* Begin PBXResourcesBuildPhase section */
		00BB21902F2E531600589682 /* Resources */ = {
			isa = PBXResourcesBuildPhase;
			buildActionMask = 2147483647;
			files = (
			);
			runOnlyForDeploymentPostprocessing = 0;
		};
/* End PBXResourcesBuildPhase section */

/* Begin PBXSourcesBuildPhase section */
		00BB218E2F2E531600589682 /* Sources */ = {
			isa = PBXSourcesBuildPhase;
			buildActionMask = 2147483647;
			files = (
			);
			runOnlyForDeploymentPostprocessing = 0;
		};
/* End PBXSourcesBuildPhase section */

/* Begin XCBuildConfiguration section */
		00BB219B2F2E531800589682 /* Debug */ = {
			isa = XCBuildConfiguration;
			buildSettings = {
				ALWAYS_SEARCH_USER_PATHS = NO;
				ASSETCATALOG_COMPILER_GENERATE_SWIFT_ASSET_SYMBOL_EXTENSIONS = YES;
				CLANG_ANALYZER_NONNULL = YES;
				CLANG_ANALYZER_NUMBER_OBJECT_CONVERSION = YES_AGGRESSIVE;
				CLANG_CXX_LANGUAGE_STANDARD = "gnu++20";
				CLANG_ENABLE_MODULES = YES;
				CLANG_ENABLE_OBJC_ARC = YES;
				CLANG_ENABLE_OBJC_WEAK = YES;
				CLANG_WARN_BLOCK_CAPTURE_AUTORELEASING = YES;
				CLANG_WARN_BOOL_CONVERSION = YES;
				CLANG_WARN_COMMA = YES;
				CLANG_WARN_CONSTANT_CONVERSION = YES;
				CLANG_WARN_DEPRECATED_OBJC_IMPLEMENTATIONS = YES;
				CLANG_WARN_DIRECT_OBJC_ISA_USAGE = YES_ERROR;
				CLANG_WARN_DOCUMENTATION_COMMENTS = YES;
				CLANG_WARN_EMPTY_BODY = YES;
				CLANG_WARN_ENUM_CONVERSION = YES;
				CLANG_WARN_INFINITE_RECURSION = YES;
				CLANG_WARN_INT_CONVERSION = YES;
				CLANG_WARN_NON_LITERAL_NULL_CONVERSION = YES;
				CLANG_WARN_OBJC_IMPLICIT_RETAIN_SELF = YES;
				CLANG_WARN_OBJC_LITERAL_CONVERSION = YES;
				CLANG_WARN_OBJC_ROOT_CLASS = YES_ERROR;
				CLANG_WARN_QUOTED_INCLUDE_IN_FRAMEWORK_HEADER = YES;
				CLANG_WARN_RANGE_LOOP_ANALYSIS = YES;
				CLANG_WARN_STRICT_PROTOTYPES = YES;
				CLANG_WARN_SUSPICIOUS_MOVE = YES;
				CLANG_WARN_UNGUARDED_AVAILABILITY = YES_AGGRESSIVE;
				CLANG_WARN_UNREACHABLE_CODE = YES;
				CLANG_WARN__DUPLICATE_METHOD_MATCH = YES;
				COPY_PHASE_STRIP = NO;
				DEBUG_INFORMATION_FORMAT = dwarf;
				DEVELOPMENT_TEAM = BBDB8N976S;
				ENABLE_STRICT_OBJC_MSGSEND = YES;
				ENABLE_TESTABILITY = YES;
				ENABLE_USER_SCRIPT_SANDBOXING = YES;
				GCC_C_LANGUAGE_STANDARD = gnu17;
				GCC_DYNAMIC_NO_PIC = NO;
				GCC_NO_COMMON_BLOCKS = YES;
				GCC_OPTIMIZATION_LEVEL = 0;
				GCC_PREPROCESSOR_DEFINITIONS = (
					"DEBUG=1",
					"$(inherited)",
				);
				GCC_WARN_64_TO_32_BIT_CONVERSION = YES;
				GCC_WARN_ABOUT_RETURN_TYPE = YES_ERROR;
				GCC_WARN_UNDECLARED_SELECTOR = YES;
				GCC_WARN_UNINITIALIZED_AUTOS = YES_AGGRESSIVE;
				GCC_WARN_UNUSED_FUNCTION = YES;
				GCC_WARN_UNUSED_VARIABLE = YES;
				IPHONEOS_DEPLOYMENT_TARGET = 26.2;
				LOCALIZATION_PREFERS_STRING_CATALOGS = YES;
				MTL_ENABLE_DEBUG_INFO = INCLUDE_SOURCE;
				MTL_FAST_MATH = YES;
				ONLY_ACTIVE_ARCH = YES;
				SDKROOT = iphoneos;
				SWIFT_ACTIVE_COMPILATION_CONDITIONS = "DEBUG $(inherited)";
				SWIFT_OPTIMIZATION_LEVEL = "-Onone";
			};
			name = Debug;
		};
		00BB219C2F2E531800589682 /* Release */ = {
			isa = XCBuildConfiguration;
			buildSettings = {
				ALWAYS_SEARCH_USER_PATHS = NO;
				ASSETCATALOG_COMPILER_GENERATE_SWIFT_ASSET_SYMBOL_EXTENSIONS = YES;
				CLANG_ANALYZER_NONNULL = YES;
				CLANG_ANALYZER_NUMBER_OBJECT_CONVERSION = YES_AGGRESSIVE;
				CLANG_CXX_LANGUAGE_STANDARD = "gnu++20";
				CLANG_ENABLE_MODULES = YES;
				CLANG_ENABLE_OBJC_ARC = YES;
				CLANG_ENABLE_OBJC_WEAK = YES;
				CLANG_WARN_BLOCK_CAPTURE_AUTORELEASING = YES;
				CLANG_WARN_BOOL_CONVERSION = YES;
				CLANG_WARN_COMMA = YES;
				CLANG_WARN_CONSTANT_CONVERSION = YES;
				CLANG_WARN_DEPRECATED_OBJC_IMPLEMENTATIONS = YES;
				CLANG_WARN_DIRECT_OBJC_ISA_USAGE = YES_ERROR;
				CLANG_WARN_DOCUMENTATION_COMMENTS = YES;
				CLANG_WARN_EMPTY_BODY = YES;
				CLANG_WARN_ENUM_CONVERSION = YES;
				CLANG_WARN_INFINITE_RECURSION = YES;
				CLANG_WARN_INT_CONVERSION = YES;
				CLANG_WARN_NON_LITERAL_NULL_CONVERSION = YES;
				CLANG_WARN_OBJC_IMPLICIT_RETAIN_SELF = YES;
				CLANG_WARN_OBJC_LITERAL_CONVERSION = YES;
				CLANG_WARN_OBJC_ROOT_CLASS = YES_ERROR;
				CLANG_WARN_QUOTED_INCLUDE_IN_FRAMEWORK_HEADER = YES;
				CLANG_WARN_RANGE_LOOP_ANALYSIS = YES;
				CLANG_WARN_STRICT_PROTOTYPES = YES;
				CLANG_WARN_SUSPICIOUS_MOVE = YES;
				CLANG_WARN_UNGUARDED_AVAILABILITY = YES_AGGRESSIVE;
				CLANG_WARN_UNREACHABLE_CODE = YES;
				CLANG_WARN__DUPLICATE_METHOD_MATCH = YES;
				COPY_PHASE_STRIP = NO;
				DEBUG_INFORMATION_FORMAT = "dwarf-with-dsym";
				DEVELOPMENT_TEAM = BBDB8N976S;
				ENABLE_NS_ASSERTIONS = NO;
				ENABLE_STRICT_OBJC_MSGSEND = YES;
				ENABLE_USER_SCRIPT_SANDBOXING = YES;
				GCC_C_LANGUAGE_STANDARD = gnu17;
				GCC_NO_COMMON_BLOCKS = YES;
				GCC_WARN_64_TO_32_BIT_CONVERSION = YES;
				GCC_WARN_ABOUT_RETURN_TYPE = YES_ERROR;
				GCC_WARN_UNDECLARED_SELECTOR = YES;
				GCC_WARN_UNINITIALIZED_AUTOS = YES_AGGRESSIVE;
				GCC_WARN_UNUSED_FUNCTION = YES;
				GCC_WARN_UNUSED_VARIABLE = YES;
				IPHONEOS_DEPLOYMENT_TARGET = 26.2;
				LOCALIZATION_PREFERS_STRING_CATALOGS = YES;
				MTL_ENABLE_DEBUG_INFO = NO;
				MTL_FAST_MATH = YES;
				SDKROOT = iphoneos;
				SWIFT_COMPILATION_MODE = wholemodule;
				VALIDATE_PRODUCT = YES;
			};
			name = Release;
		};
		00BB219E2F2E531800589682 /* Debug */ = {
			isa = XCBuildConfiguration;
			buildSettings = {
				ASSETCATALOG_COMPILER_APPICON_NAME = "AI4Science-icon";
				ASSETCATALOG_COMPILER_GLOBAL_ACCENT_COLOR_NAME = AccentColor;
				CODE_SIGN_STYLE = Automatic;
				CURRENT_PROJECT_VERSION = 1;
				DEVELOPMENT_TEAM = BBDB8N976S;
				ENABLE_PREVIEWS = YES;
				GENERATE_INFOPLIST_FILE = YES;
				INFOPLIST_FILE = AI4Science/Info.plist;
				INFOPLIST_KEY_UIApplicationSceneManifest_Generation = YES;
				INFOPLIST_KEY_UIApplicationSupportsIndirectInputEvents = YES;
				INFOPLIST_KEY_UILaunchScreen_Generation = YES;
				INFOPLIST_KEY_UISupportedInterfaceOrientations_iPad = "UIInterfaceOrientationPortrait UIInterfaceOrientationPortraitUpsideDown UIInterfaceOrientationLandscapeLeft UIInterfaceOrientationLandscapeRight";
				INFOPLIST_KEY_UISupportedInterfaceOrientations_iPhone = "UIInterfaceOrientationPortrait UIInterfaceOrientationLandscapeLeft UIInterfaceOrientationLandscapeRight";
				LD_RUNPATH_SEARCH_PATHS = (
					"$(inherited)",
					"@executable_path/Frameworks",
				);
				MARKETING_VERSION = 1.0;
				PRODUCT_BUNDLE_IDENTIFIER = com.CodeHarmonic.AI4Science;
				PRODUCT_NAME = "$(TARGET_NAME)";
				STRING_CATALOG_GENERATE_SYMBOLS = YES;
				SWIFT_APPROACHABLE_CONCURRENCY = YES;
				SWIFT_DEFAULT_ACTOR_ISOLATION = MainActor;
				SWIFT_EMIT_LOC_STRINGS = YES;
				SWIFT_UPCOMING_FEATURE_MEMBER_IMPORT_VISIBILITY = YES;
				SWIFT_VERSION = 6.0;
				TARGETED_DEVICE_FAMILY = "1,2";
			};
			name = Debug;
		};
		00BB219F2F2E531800589682 /* Release */ = {
			isa = XCBuildConfiguration;
			buildSettings = {
				ASSETCATALOG_COMPILER_APPICON_NAME = "AI4Science-icon";
				ASSETCATALOG_COMPILER_GLOBAL_ACCENT_COLOR_NAME = AccentColor;
				CODE_SIGN_STYLE = Automatic;
				CURRENT_PROJECT_VERSION = 1;
				DEVELOPMENT_TEAM = BBDB8N976S;
				ENABLE_PREVIEWS = YES;
				GENERATE_INFOPLIST_FILE = YES;
				INFOPLIST_FILE = AI4Science/Info.plist;
				INFOPLIST_KEY_UIApplicationSceneManifest_Generation = YES;
				INFOPLIST_KEY_UIApplicationSupportsIndirectInputEvents = YES;
				INFOPLIST_KEY_UILaunchScreen_Generation = YES;
				INFOPLIST_KEY_UISupportedInterfaceOrientations_iPad = "UIInterfaceOrientationPortrait UIInterfaceOrientationPortraitUpsideDown UIInterfaceOrientationLandscapeLeft UIInterfaceOrientationLandscapeRight";
				INFOPLIST_KEY_UISupportedInterfaceOrientations_iPhone = "UIInterfaceOrientationPortrait UIInterfaceOrientationLandscapeLeft UIInterfaceOrientationLandscapeRight";
				LD_RUNPATH_SEARCH_PATHS = (
					"$(inherited)",
					"@executable_path/Frameworks",
				);
				MARKETING_VERSION = 1.0;
				PRODUCT_BUNDLE_IDENTIFIER = com.CodeHarmonic.AI4Science;
				PRODUCT_NAME = "$(TARGET_NAME)";
				STRING_CATALOG_GENERATE_SYMBOLS = YES;
				SWIFT_APPROACHABLE_CONCURRENCY = YES;
				SWIFT_DEFAULT_ACTOR_ISOLATION = MainActor;
				SWIFT_EMIT_LOC_STRINGS = YES;
				SWIFT_UPCOMING_FEATURE_MEMBER_IMPORT_VISIBILITY = YES;
				SWIFT_VERSION = 6.0;
				TARGETED_DEVICE_FAMILY = "1,2";
			};
			name = Release;
		};
/* End XCBuildConfiguration section */

/* Begin XCConfigurationList section */
		00BB218D2F2E531600589682 /* Build configuration list for PBXProject "AI4Science" */ = {
			isa = XCConfigurationList;
			buildConfigurations = (
				00BB219B2F2E531800589682 /* Debug */,
				00BB219C2F2E531800589682 /* Release */,
			);
			defaultConfigurationIsVisible = 0;
			defaultConfigurationName = Release;
		};
		00BB219D2F2E531800589682 /* Build configuration list for PBXNativeTarget "AI4Science" */ = {
			isa = XCConfigurationList;
			buildConfigurations = (
				00BB219E2F2E531800589682 /* Debug */,
				00BB219F2F2E531800589682 /* Release */,
			);
			defaultConfigurationIsVisible = 0;
			defaultConfigurationName = Release;
		};
/* End XCConfigurationList section */

/* Begin XCRemoteSwiftPackageReference section */
		0060CE302F31A4460005703D /* XCRemoteSwiftPackageReference "supabase-swift" */ = {
			isa = XCRemoteSwiftPackageReference;
			repositoryURL = "https://github.com/supabase/supabase-swift";
			requirement = {
				kind = upToNextMajorVersion;
				minimumVersion = 2.5.1;
			};
		};
/* End XCRemoteSwiftPackageReference section */

/* Begin XCSwiftPackageProductDependency section */
		0060CE312F31A4460005703D /* Auth */ = {
			isa = XCSwiftPackageProductDependency;
			package = 0060CE302F31A4460005703D /* XCRemoteSwiftPackageReference "supabase-swift" */;
			productName = Auth;
		};
		0060CE332F31A4460005703D /* Functions */ = {
			isa = XCSwiftPackageProductDependency;
			package = 0060CE302F31A4460005703D /* XCRemoteSwiftPackageReference "supabase-swift" */;
			productName = Functions;
		};
		0060CE352F31A4460005703D /* PostgREST */ = {
			isa = XCSwiftPackageProductDependency;
			package = 0060CE302F31A4460005703D /* XCRemoteSwiftPackageReference "supabase-swift" */;
			productName = PostgREST;
		};
		0060CE372F31A4460005703D /* Realtime */ = {
			isa = XCSwiftPackageProductDependency;
			package = 0060CE302F31A4460005703D /* XCRemoteSwiftPackageReference "supabase-swift" */;
			productName = Realtime;
		};
		0060CE392F31A4460005703D /* Storage */ = {
			isa = XCSwiftPackageProductDependency;
			package = 0060CE302F31A4460005703D /* XCRemoteSwiftPackageReference "supabase-swift" */;
			productName = Storage;
		};
		0060CE3B2F31A4460005703D /* Supabase */ = {
			isa = XCSwiftPackageProductDependency;
			package = 0060CE302F31A4460005703D /* XCRemoteSwiftPackageReference "supabase-swift" */;
			productName = Supabase;
		};
/* End XCSwiftPackageProductDependency section */
	};
	rootObject = 00BB218A2F2E531600589682 /* Project object */;
}
